
Microsoft Visual Studio Solution File, Format Version 12.00
# Visual Studio 15
Project("{FAE04EC0-301F-11D3-BF4B-00C04F79EFBC}") = "pigLatin", "cohort-20201\pigLatin.csproj", "{974B131C-38DD-4C26-99CC-DEE7A765F0AE}"
EndProject
Project("{2150E333-8FDC-42A3-9474-1A3956D46DE8}") = "Solution Items", "Solution Items", "{7E336738-1E12-4F7A-B6A7-C82D5779F972}"
EndProject
Project("{FAE04EC0-301F-11D3-BF4B-00C04F79EFBC}") = "ManyMethods", "ManyMethods\ManyMethods.csproj", "{D21CEA98-DD04-47CC-BEA7-7C3901A93A6B}"
EndProject
Project("{FAE04EC0-301F-11D3-BF4B-00C04F79EFBC}") = "RockPaperScissors", "RockPaperScissors\RockPaperScissors.csproj", "{29FD57F2-45B1-47B6-9B42-6D0352910C43}"
EndProject
Project("{FAE04EC0-301F-11D3-BF4B-00C04F79EFBC}") = "TICTACTOE", "TICTACTOE\TICTACTOE.csproj", "{089892AB-2593-4025-BBAE-1537C6424C23}"
EndProject
Project("{FAE04EC0-301F-11D3-BF4B-00C04F79EFBC}") = "MasterMind", "MasterMind\MasterMind.csproj", "{E56FC0FB-D2D5-405F-B9F3-BD3858091357}"
EndProject
Project("{FAE04EC0-301F-11D3-BF4B-00C04F79EFBC}") = "TowersofHanoi", "TowersofHanoi\TowersofHanoi.csproj", "{40E87515-BAC0-47C3-AD4F-A93E4EE8975B}"
EndProject
Project("{FAE04EC0-301F-11D3-BF4B-00C04F79EFBC}") = "Gradebook", "Gradebook\Gradebook.csproj", "{0F0883B9-E410-43D0-8AF3-999638F7CDF9}"
EndProject
Project("{FAE04EC0-301F-11D3-BF4B-00C04F79EFBC}") = "PoCO", "PoCO\PoCO.csproj", "{3EFA6982-B1E8-4F91-BEF0-83BE2C4848F0}"
EndProject
Project("{FAE04EC0-301F-11D3-BF4B-00C04F79EFBC}") = "ToDoItem", "ToDoItem\ToDoItem.csproj", "{329FCB5D-5781-4699-B6B6-5AF9127EBF8A}"
EndProject
Global
	GlobalSection(SolutionConfigurationPlatforms) = preSolution
		Debug|anycpu = Debug|anycpu
		Release|anycpu = Release|anycpu
	EndGlobalSection
	GlobalSection(ProjectConfigurationPlatforms) = postSolution
		{974B131C-38DD-4C26-99CC-DEE7A765F0AE}.Debug|anycpu.ActiveCfg = Debug|anycpu
		{974B131C-38DD-4C26-99CC-DEE7A765F0AE}.Debug|anycpu.Build.0 = Debug|anycpu
		{974B131C-38DD-4C26-99CC-DEE7A765F0AE}.Release|anycpu.ActiveCfg = Release|anycpu
		{974B131C-38DD-4C26-99CC-DEE7A765F0AE}.Release|anycpu.Build.0 = Release|anycpu
		{D21CEA98-DD04-47CC-BEA7-7C3901A93A6B}.Debug|anycpu.ActiveCfg = Debug|anycpu
		{D21CEA98-DD04-47CC-BEA7-7C3901A93A6B}.Debug|anycpu.Build.0 = Debug|anycpu
		{D21CEA98-DD04-47CC-BEA7-7C3901A93A6B}.Release|anycpu.ActiveCfg = Release|anycpu
		{D21CEA98-DD04-47CC-BEA7-7C3901A93A6B}.Release|anycpu.Build.0 = Release|anycpu
		{29FD57F2-45B1-47B6-9B42-6D0352910C43}.Debug|anycpu.ActiveCfg = Debug|anycpu
		{29FD57F2-45B1-47B6-9B42-6D0352910C43}.Debug|anycpu.Build.0 = Debug|anycpu
		{29FD57F2-45B1-47B6-9B42-6D0352910C43}.Release|anycpu.ActiveCfg = Release|anycpu
		{29FD57F2-45B1-47B6-9B42-6D0352910C43}.Release|anycpu.Build.0 = Release|anycpu
		{089892AB-2593-4025-BBAE-1537C6424C23}.Debug|anycpu.ActiveCfg = Debug|anycpu
		{089892AB-2593-4025-BBAE-1537C6424C23}.Debug|anycpu.Build.0 = Debug|anycpu
		{089892AB-2593-4025-BBAE-1537C6424C23}.Release|anycpu.ActiveCfg = Release|anycpu
		{089892AB-2593-4025-BBAE-1537C6424C23}.Release|anycpu.Build.0 = Release|anycpu
		{E56FC0FB-D2D5-405F-B9F3-BD3858091357}.Debug|anycpu.ActiveCfg = Debug|anycpu
		{E56FC0FB-D2D5-405F-B9F3-BD3858091357}.Debug|anycpu.Build.0 = Debug|anycpu
		{E56FC0FB-D2D5-405F-B9F3-BD3858091357}.Release|anycpu.ActiveCfg = Release|anycpu
		{E56FC0FB-D2D5-405F-B9F3-BD3858091357}.Release|anycpu.Build.0 = Release|anycpu
		{40E87515-BAC0-47C3-AD4F-A93E4EE8975B}.Debug|anycpu.ActiveCfg = Debug|anycpu
		{40E87515-BAC0-47C3-AD4F-A93E4EE8975B}.Debug|anycpu.Build.0 = Debug|anycpu
		{40E87515-BAC0-47C3-AD4F-A93E4EE8975B}.Release|anycpu.ActiveCfg = Release|anycpu
		{40E87515-BAC0-47C3-AD4F-A93E4EE8975B}.Release|anycpu.Build.0 = Release|anycpu
		{0F0883B9-E410-43D0-8AF3-999638F7CDF9}.Debug|anycpu.ActiveCfg = Debug|anycpu
		{0F0883B9-E410-43D0-8AF3-999638F7CDF9}.Debug|anycpu.Build.0 = Debug|anycpu
		{0F0883B9-E410-43D0-8AF3-999638F7CDF9}.Release|anycpu.ActiveCfg = Release|anycpu
		{0F0883B9-E410-43D0-8AF3-999638F7CDF9}.Release|anycpu.Build.0 = Release|anycpu
		{3EFA6982-B1E8-4F91-BEF0-83BE2C4848F0}.Debug|anycpu.ActiveCfg = Debug|anycpu
		{3EFA6982-B1E8-4F91-BEF0-83BE2C4848F0}.Debug|anycpu.Build.0 = Debug|anycpu
		{3EFA6982-B1E8-4F91-BEF0-83BE2C4848F0}.Release|anycpu.ActiveCfg = Release|anycpu
		{3EFA6982-B1E8-4F91-BEF0-83BE2C4848F0}.Release|anycpu.Build.0 = Release|anycpu
		{329FCB5D-5781-4699-B6B6-5AF9127EBF8A}.Debug|anycpu.ActiveCfg = Debug|anycpu
		{329FCB5D-5781-4699-B6B6-5AF9127EBF8A}.Debug|anycpu.Build.0 = Debug|anycpu
		{329FCB5D-5781-4699-B6B6-5AF9127EBF8A}.Release|anycpu.ActiveCfg = Release|anycpu
		{329FCB5D-5781-4699-B6B6-5AF9127EBF8A}.Release|anycpu.Build.0 = Release|anycpu
	EndGlobalSection
	GlobalSection(NestedProjects) = preSolution
	EndGlobalSection
EndGlobal
